// !$*UTF8*$!
{
	archiveVersion = 1;
	classes = {
	};
	objectVersion = 77;
	objects = {

/* Begin PBXBuildFile section */
		D0382C5C2CE3392C00FD2D64 /* AppDelegate.swift in Sources */ = {isa = PBXBuildFile; fileRef = D0382C522CE3392C00FD2D64 /* AppDelegate.swift */; };
		D0382C5E2CE3392C00FD2D64 /* SceneDelegate.swift in Sources */ = {isa = PBXBuildFile; fileRef = D0382C582CE3392C00FD2D64 /* SceneDelegate.swift */; };
		D0382C5F2CE3392C00FD2D64 /* HomeViewController.swift in Sources */ = {isa = PBXBuildFile; fileRef = D0382C592CE3392C00FD2D64 /* HomeViewController.swift */; };
		D0382C602CE3392C00FD2D64 /* WeatherModel.swift in Sources */ = {isa = PBXBuildFile; fileRef = D0382C5A2CE3392C00FD2D64 /* WeatherModel.swift */; };
		D0382C612CE3392C00FD2D64 /* Assets.xcassets in Resources */ = {isa = PBXBuildFile; fileRef = D0382C532CE3392C00FD2D64 /* Assets.xcassets */; };
		D0382C632CE3392C00FD2D64 /* LaunchScreen.storyboard in Resources */ = {isa = PBXBuildFile; fileRef = D0382C562CE3392C00FD2D64 /* LaunchScreen.storyboard */; };
		D0382CA92CEC786600FD2D64 /* MapViewController.swift in Sources */ = {isa = PBXBuildFile; fileRef = D0382CA82CEC786600FD2D64 /* MapViewController.swift */; };
		D0382CBE2CEC84BE00FD2D64 /* TabBarController.swift in Sources */ = {isa = PBXBuildFile; fileRef = D0382CBD2CEC84BE00FD2D64 /* TabBarController.swift */; };
		D0382CCE2CEC9C4F00FD2D64 /* UIView+Extension.swift in Sources */ = {isa = PBXBuildFile; fileRef = D0382CCD2CEC9C4F00FD2D64 /* UIView+Extension.swift */; };
		D046F9DD2CF9D2A2003B8F2B /* Alamofire in Frameworks */ = {isa = PBXBuildFile; productRef = D046F9DC2CF9D2A2003B8F2B /* Alamofire */; };
		D05CB51C2CF51B9C00E684E5 /* HoursWeatherTableViewCell.swift in Sources */ = {isa = PBXBuildFile; fileRef = D05CB51B2CF51B9C00E684E5 /* HoursWeatherTableViewCell.swift */; };
		D05CB52E2CF5BDE300E684E5 /* DailyWeatherTableViewCell.swift in Sources */ = {isa = PBXBuildFile; fileRef = D05CB52D2CF5BDE300E684E5 /* DailyWeatherTableViewCell.swift */; };
		D05CB5302CF5BE6E00E684E5 /* HoursWeatherCollectionViewCell.swift in Sources */ = {isa = PBXBuildFile; fileRef = D05CB52F2CF5BE6E00E684E5 /* HoursWeatherCollectionViewCell.swift */; };
		D05CB5322CF8691400E684E5 /* Float+Extension.swift in Sources */ = {isa = PBXBuildFile; fileRef = D05CB5312CF8691400E684E5 /* Float+Extension.swift */; };
		D05CB5342CF8886F00E684E5 /* Double+Extension.swift in Sources */ = {isa = PBXBuildFile; fileRef = D05CB5332CF8886F00E684E5 /* Double+Extension.swift */; };
		D05CB5372CF8931A00E684E5 /* GoogleMaps in Frameworks */ = {isa = PBXBuildFile; productRef = D05CB5362CF8931A00E684E5 /* GoogleMaps */; };
		D05CB53A2CF8932300E684E5 /* SnapKit in Frameworks */ = {isa = PBXBuildFile; productRef = D05CB5392CF8932300E684E5 /* SnapKit */; };
		D08EFDF32D0C48300013CFF3 /* ParametersNetworkRequest.swift in Sources */ = {isa = PBXBuildFile; fileRef = D08EFDF12D0C48300013CFF3 /* ParametersNetworkRequest.swift */; };
		D08EFDF42D0C48300013CFF3 /* AlamofireNetworkManager.swift in Sources */ = {isa = PBXBuildFile; fileRef = D08EFDEF2D0C48300013CFF3 /* AlamofireNetworkManager.swift */; };
		D08EFDF52D0C48300013CFF3 /* NetworkManager.swift in Sources */ = {isa = PBXBuildFile; fileRef = D08EFDF02D0C48300013CFF3 /* NetworkManager.swift */; };
		D08EFE592D1060C80013CFF3 /* Localizable.strings in Resources */ = {isa = PBXBuildFile; fileRef = D08EFE572D1060C80013CFF3 /* Localizable.strings */; };
		D08EFE6E2D106C030013CFF3 /* String+Extension.swift in Sources */ = {isa = PBXBuildFile; fileRef = D08EFE6D2D106C030013CFF3 /* String+Extension.swift */; };
		D08EFE852D10A9E40013CFF3 /* InfoPlist.strings in Resources */ = {isa = PBXBuildFile; fileRef = D08EFE832D10A9E40013CFF3 /* InfoPlist.strings */; };
		D0B761D12CFF4ED70041D21F /* Notification.swift in Sources */ = {isa = PBXBuildFile; fileRef = D0B761D02CFF4ED70041D21F /* Notification.swift */; };
		D0E55BBF2CFDC24E00001016 /* HistoryViewController.swift in Sources */ = {isa = PBXBuildFile; fileRef = D0E55BBE2CFDC24E00001016 /* HistoryViewController.swift */; };
		D0E55BC12CFDC28A00001016 /* HistoryTableViewCell.swift in Sources */ = {isa = PBXBuildFile; fileRef = D0E55BC02CFDC28A00001016 /* HistoryTableViewCell.swift */; };
		D0E55BC62CFDC80F00001016 /* DataBase.swift in Sources */ = {isa = PBXBuildFile; fileRef = D0E55BC52CFDC80F00001016 /* DataBase.swift */; };
/* End PBXBuildFile section */

/* Begin PBXFileReference section */
		D0382C122CE1F67400FD2D64 /* Weather.app */ = {isa = PBXFileReference; explicitFileType = wrapper.application; includeInIndex = 0; path = Weather.app; sourceTree = BUILT_PRODUCTS_DIR; };
		D0382C522CE3392C00FD2D64 /* AppDelegate.swift */ = {isa = PBXFileReference; lastKnownFileType = sourcecode.swift; path = AppDelegate.swift; sourceTree = "<group>"; };
		D0382C532CE3392C00FD2D64 /* Assets.xcassets */ = {isa = PBXFileReference; lastKnownFileType = folder.assetcatalog; path = Assets.xcassets; sourceTree = "<group>"; };
		D0382C542CE3392C00FD2D64 /* Info.plist */ = {isa = PBXFileReference; lastKnownFileType = text.plist.xml; path = Info.plist; sourceTree = "<group>"; };
		D0382C552CE3392C00FD2D64 /* Base */ = {isa = PBXFileReference; lastKnownFileType = file.storyboard; name = Base; path = Base.lproj/LaunchScreen.storyboard; sourceTree = "<group>"; };
		D0382C582CE3392C00FD2D64 /* SceneDelegate.swift */ = {isa = PBXFileReference; lastKnownFileType = sourcecode.swift; path = SceneDelegate.swift; sourceTree = "<group>"; };
		D0382C592CE3392C00FD2D64 /* HomeViewController.swift */ = {isa = PBXFileReference; lastKnownFileType = sourcecode.swift; path = HomeViewController.swift; sourceTree = "<group>"; };
		D0382C5A2CE3392C00FD2D64 /* WeatherModel.swift */ = {isa = PBXFileReference; lastKnownFileType = sourcecode.swift; path = WeatherModel.swift; sourceTree = "<group>"; };
		D0382CA82CEC786600FD2D64 /* MapViewController.swift */ = {isa = PBXFileReference; lastKnownFileType = sourcecode.swift; path = MapViewController.swift; sourceTree = "<group>"; };
		D0382CBD2CEC84BE00FD2D64 /* TabBarController.swift */ = {isa = PBXFileReference; lastKnownFileType = sourcecode.swift; path = TabBarController.swift; sourceTree = "<group>"; };
		D0382CCD2CEC9C4F00FD2D64 /* UIView+Extension.swift */ = {isa = PBXFileReference; lastKnownFileType = sourcecode.swift; path = "UIView+Extension.swift"; sourceTree = "<group>"; };
		D05CB51B2CF51B9C00E684E5 /* HoursWeatherTableViewCell.swift */ = {isa = PBXFileReference; lastKnownFileType = sourcecode.swift; path = HoursWeatherTableViewCell.swift; sourceTree = "<group>"; };
		D05CB52D2CF5BDE300E684E5 /* DailyWeatherTableViewCell.swift */ = {isa = PBXFileReference; lastKnownFileType = sourcecode.swift; path = DailyWeatherTableViewCell.swift; sourceTree = "<group>"; };
		D05CB52F2CF5BE6E00E684E5 /* HoursWeatherCollectionViewCell.swift */ = {isa = PBXFileReference; lastKnownFileType = sourcecode.swift; path = HoursWeatherCollectionViewCell.swift; sourceTree = "<group>"; };
		D05CB5312CF8691400E684E5 /* Float+Extension.swift */ = {isa = PBXFileReference; lastKnownFileType = sourcecode.swift; path = "Float+Extension.swift"; sourceTree = "<group>"; };
		D05CB5332CF8886F00E684E5 /* Double+Extension.swift */ = {isa = PBXFileReference; lastKnownFileType = sourcecode.swift; path = "Double+Extension.swift"; sourceTree = "<group>"; };
		D08EFDEF2D0C48300013CFF3 /* AlamofireNetworkManager.swift */ = {isa = PBXFileReference; lastKnownFileType = sourcecode.swift; path = AlamofireNetworkManager.swift; sourceTree = "<group>"; };
		D08EFDF02D0C48300013CFF3 /* NetworkManager.swift */ = {isa = PBXFileReference; lastKnownFileType = sourcecode.swift; path = NetworkManager.swift; sourceTree = "<group>"; };
		D08EFDF12D0C48300013CFF3 /* ParametersNetworkRequest.swift */ = {isa = PBXFileReference; lastKnownFileType = sourcecode.swift; path = ParametersNetworkRequest.swift; sourceTree = "<group>"; };
		D08EFE562D1060A50013CFF3 /* ru */ = {isa = PBXFileReference; lastKnownFileType = text.plist.strings; name = ru; path = ru.lproj/LaunchScreen.strings; sourceTree = "<group>"; };
		D08EFE582D1060C80013CFF3 /* en */ = {isa = PBXFileReference; lastKnownFileType = text.plist.strings; name = en; path = en.lproj/Localizable.strings; sourceTree = "<group>"; };
		D08EFE6D2D106C030013CFF3 /* String+Extension.swift */ = {isa = PBXFileReference; lastKnownFileType = sourcecode.swift; path = "String+Extension.swift"; sourceTree = "<group>"; };
		D08EFE822D10A8480013CFF3 /* ru */ = {isa = PBXFileReference; lastKnownFileType = text.plist.strings; name = ru; path = ru.lproj/Localizable.strings; sourceTree = "<group>"; };
		D08EFE842D10A9E40013CFF3 /* en */ = {isa = PBXFileReference; lastKnownFileType = text.plist.strings; name = en; path = en.lproj/InfoPlist.strings; sourceTree = "<group>"; };
		D08EFE862D10A9F70013CFF3 /* ru */ = {isa = PBXFileReference; lastKnownFileType = text.plist.strings; name = ru; path = ru.lproj/InfoPlist.strings; sourceTree = "<group>"; };
		D0B761D02CFF4ED70041D21F /* Notification.swift */ = {isa = PBXFileReference; lastKnownFileType = sourcecode.swift; path = Notification.swift; sourceTree = "<group>"; };
		D0E55BBE2CFDC24E00001016 /* HistoryViewController.swift */ = {isa = PBXFileReference; lastKnownFileType = sourcecode.swift; path = HistoryViewController.swift; sourceTree = "<group>"; };
		D0E55BC02CFDC28A00001016 /* HistoryTableViewCell.swift */ = {isa = PBXFileReference; lastKnownFileType = sourcecode.swift; path = HistoryTableViewCell.swift; sourceTree = "<group>"; };
		D0E55BC52CFDC80F00001016 /* DataBase.swift */ = {isa = PBXFileReference; lastKnownFileType = sourcecode.swift; path = DataBase.swift; sourceTree = "<group>"; };
/* End PBXFileReference section */

/* Begin PBXFrameworksBuildPhase section */
		D0382C0F2CE1F67400FD2D64 /* Frameworks */ = {
			isa = PBXFrameworksBuildPhase;
			buildActionMask = 2147483647;
			files = (
				D046F9DD2CF9D2A2003B8F2B /* Alamofire in Frameworks */,
				D05CB5372CF8931A00E684E5 /* GoogleMaps in Frameworks */,
				D05CB53A2CF8932300E684E5 /* SnapKit in Frameworks */,
			);
			runOnlyForDeploymentPostprocessing = 0;
		};
/* End PBXFrameworksBuildPhase section */

/* Begin PBXGroup section */
		D0382C092CE1F67400FD2D64 = {
			isa = PBXGroup;
			children = (
				D0382C5B2CE3392C00FD2D64 /* Weather */,
				D0382C132CE1F67400FD2D64 /* Products */,
			);
			sourceTree = "<group>";
		};
		D0382C132CE1F67400FD2D64 /* Products */ = {
			isa = PBXGroup;
			children = (
				D0382C122CE1F67400FD2D64 /* Weather.app */,
			);
			name = Products;
			sourceTree = "<group>";
		};
		D0382C5B2CE3392C00FD2D64 /* Weather */ = {
			isa = PBXGroup;
			children = (
				D0382C542CE3392C00FD2D64 /* Info.plist */,
				D0382CD12CED0AB000FD2D64 /* Resources */,
				D0382CD02CED0AA100FD2D64 /* Extension */,
				D0E55BC22CFDC6FD00001016 /* Data */,
				D0B761CF2CFF4EB10041D21F /* Notification */,
				D0382CD22CED0ADE00FD2D64 /* Model */,
				D08EFDF22D0C48300013CFF3 /* Manager */,
				D05CB51D2CF51BCF00E684E5 /* ViewCell */,
				D0382CCF2CED0A7600FD2D64 /* ViewControllers */,
			);
			path = Weather;
			sourceTree = "<group>";
		};
		D0382CCF2CED0A7600FD2D64 /* ViewControllers */ = {
			isa = PBXGroup;
			children = (
				D0382CBD2CEC84BE00FD2D64 /* TabBarController.swift */,
				D0382C592CE3392C00FD2D64 /* HomeViewController.swift */,
				D0382CA82CEC786600FD2D64 /* MapViewController.swift */,
				D0E55BBE2CFDC24E00001016 /* HistoryViewController.swift */,
			);
			path = ViewControllers;
			sourceTree = "<group>";
		};
		D0382CD02CED0AA100FD2D64 /* Extension */ = {
			isa = PBXGroup;
			children = (
				D05CB5312CF8691400E684E5 /* Float+Extension.swift */,
				D05CB5332CF8886F00E684E5 /* Double+Extension.swift */,
				D0382CCD2CEC9C4F00FD2D64 /* UIView+Extension.swift */,
				D08EFE6D2D106C030013CFF3 /* String+Extension.swift */,
			);
			path = Extension;
			sourceTree = "<group>";
		};
		D0382CD12CED0AB000FD2D64 /* Resources */ = {
			isa = PBXGroup;
			children = (
				D0382C522CE3392C00FD2D64 /* AppDelegate.swift */,
				D0382C582CE3392C00FD2D64 /* SceneDelegate.swift */,
				D0382C532CE3392C00FD2D64 /* Assets.xcassets */,
				D0382C562CE3392C00FD2D64 /* LaunchScreen.storyboard */,
				D08EFE572D1060C80013CFF3 /* Localizable.strings */,
				D08EFE832D10A9E40013CFF3 /* InfoPlist.strings */,
			);
			path = Resources;
			sourceTree = "<group>";
		};
		D0382CD22CED0ADE00FD2D64 /* Model */ = {
			isa = PBXGroup;
			children = (
				D0382C5A2CE3392C00FD2D64 /* WeatherModel.swift */,
			);
			path = Model;
			sourceTree = "<group>";
		};
		D05CB51D2CF51BCF00E684E5 /* ViewCell */ = {
			isa = PBXGroup;
			children = (
				D05CB51B2CF51B9C00E684E5 /* HoursWeatherTableViewCell.swift */,
				D05CB52F2CF5BE6E00E684E5 /* HoursWeatherCollectionViewCell.swift */,
				D05CB52D2CF5BDE300E684E5 /* DailyWeatherTableViewCell.swift */,
				D0E55BC02CFDC28A00001016 /* HistoryTableViewCell.swift */,
			);
			path = ViewCell;
			sourceTree = "<group>";
		};
		D08EFDF22D0C48300013CFF3 /* Manager */ = {
			isa = PBXGroup;
			children = (
				D08EFDEF2D0C48300013CFF3 /* AlamofireNetworkManager.swift */,
				D08EFDF02D0C48300013CFF3 /* NetworkManager.swift */,
				D08EFDF12D0C48300013CFF3 /* ParametersNetworkRequest.swift */,
			);
			path = Manager;
			sourceTree = "<group>";
		};
		D0B761CF2CFF4EB10041D21F /* Notification */ = {
			isa = PBXGroup;
			children = (
				D0B761D02CFF4ED70041D21F /* Notification.swift */,
			);
			path = Notification;
			sourceTree = "<group>";
		};
		D0E55BC22CFDC6FD00001016 /* Data */ = {
			isa = PBXGroup;
			children = (
				D0E55BC52CFDC80F00001016 /* DataBase.swift */,
			);
			path = Data;
			sourceTree = "<group>";
		};
/* End PBXGroup section */

/* Begin PBXNativeTarget section */
		D0382C112CE1F67400FD2D64 /* Weather */ = {
			isa = PBXNativeTarget;
			buildConfigurationList = D0382C252CE1F67700FD2D64 /* Build configuration list for PBXNativeTarget "Weather" */;
			buildPhases = (
				D0382C0E2CE1F67400FD2D64 /* Sources */,
				D0382C0F2CE1F67400FD2D64 /* Frameworks */,
				D0382C102CE1F67400FD2D64 /* Resources */,
			);
			buildRules = (
			);
			dependencies = (
			);
			name = Weather;
			packageProductDependencies = (
				D05CB5362CF8931A00E684E5 /* GoogleMaps */,
				D05CB5392CF8932300E684E5 /* SnapKit */,
				D046F9DC2CF9D2A2003B8F2B /* Alamofire */,
			);
			productName = Weather;
			productReference = D0382C122CE1F67400FD2D64 /* Weather.app */;
			productType = "com.apple.product-type.application";
		};
/* End PBXNativeTarget section */

/* Begin PBXProject section */
		D0382C0A2CE1F67400FD2D64 /* Project object */ = {
			isa = PBXProject;
			attributes = {
				BuildIndependentTargetsInParallel = 1;
				LastSwiftUpdateCheck = 1610;
				LastUpgradeCheck = 1610;
				TargetAttributes = {
					D0382C112CE1F67400FD2D64 = {
						CreatedOnToolsVersion = 16.1;
					};
				};
			};
			buildConfigurationList = D0382C0D2CE1F67400FD2D64 /* Build configuration list for PBXProject "Weather" */;
			developmentRegion = en;
			hasScannedForEncodings = 0;
			knownRegions = (
				en,
				Base,
				ru,
			);
			mainGroup = D0382C092CE1F67400FD2D64;
			minimizedProjectReferenceProxies = 1;
			packageReferences = (
				D05CB5352CF8931A00E684E5 /* XCRemoteSwiftPackageReference "ios-maps-sdk" */,
				D05CB5382CF8932300E684E5 /* XCRemoteSwiftPackageReference "SnapKit" */,
				D046F9DB2CF9D2A2003B8F2B /* XCRemoteSwiftPackageReference "Alamofire" */,
			);
			preferredProjectObjectVersion = 77;
			productRefGroup = D0382C132CE1F67400FD2D64 /* Products */;
			projectDirPath = "";
			projectRoot = "";
			targets = (
				D0382C112CE1F67400FD2D64 /* Weather */,
			);
		};
/* End PBXProject section */

/* Begin PBXResourcesBuildPhase section */
		D0382C102CE1F67400FD2D64 /* Resources */ = {
			isa = PBXResourcesBuildPhase;
			buildActionMask = 2147483647;
			files = (
				D0382C612CE3392C00FD2D64 /* Assets.xcassets in Resources */,
				D08EFE852D10A9E40013CFF3 /* InfoPlist.strings in Resources */,
				D08EFE592D1060C80013CFF3 /* Localizable.strings in Resources */,
				D0382C632CE3392C00FD2D64 /* LaunchScreen.storyboard in Resources */,
			);
			runOnlyForDeploymentPostprocessing = 0;
		};
/* End PBXResourcesBuildPhase section */

/* Begin PBXSourcesBuildPhase section */
		D0382C0E2CE1F67400FD2D64 /* Sources */ = {
			isa = PBXSourcesBuildPhase;
			buildActionMask = 2147483647;
			files = (
				D0382C5C2CE3392C00FD2D64 /* AppDelegate.swift in Sources */,
				D0382CA92CEC786600FD2D64 /* MapViewController.swift in Sources */,
				D05CB5302CF5BE6E00E684E5 /* HoursWeatherCollectionViewCell.swift in Sources */,
				D0382CCE2CEC9C4F00FD2D64 /* UIView+Extension.swift in Sources */,
				D0E55BC62CFDC80F00001016 /* DataBase.swift in Sources */,
				D0382C5E2CE3392C00FD2D64 /* SceneDelegate.swift in Sources */,
				D0382C5F2CE3392C00FD2D64 /* HomeViewController.swift in Sources */,
				D0E55BBF2CFDC24E00001016 /* HistoryViewController.swift in Sources */,
				D08EFE6E2D106C030013CFF3 /* String+Extension.swift in Sources */,
				D0E55BC12CFDC28A00001016 /* HistoryTableViewCell.swift in Sources */,
				D05CB52E2CF5BDE300E684E5 /* DailyWeatherTableViewCell.swift in Sources */,
				D0B761D12CFF4ED70041D21F /* Notification.swift in Sources */,
				D08EFDF32D0C48300013CFF3 /* ParametersNetworkRequest.swift in Sources */,
				D08EFDF42D0C48300013CFF3 /* AlamofireNetworkManager.swift in Sources */,
				D08EFDF52D0C48300013CFF3 /* NetworkManager.swift in Sources */,
				D05CB5342CF8886F00E684E5 /* Double+Extension.swift in Sources */,
				D0382C602CE3392C00FD2D64 /* WeatherModel.swift in Sources */,
				D05CB51C2CF51B9C00E684E5 /* HoursWeatherTableViewCell.swift in Sources */,
				D05CB5322CF8691400E684E5 /* Float+Extension.swift in Sources */,
				D0382CBE2CEC84BE00FD2D64 /* TabBarController.swift in Sources */,
			);
			runOnlyForDeploymentPostprocessing = 0;
		};
/* End PBXSourcesBuildPhase section */

/* Begin PBXVariantGroup section */
		D0382C562CE3392C00FD2D64 /* LaunchScreen.storyboard */ = {
			isa = PBXVariantGroup;
			children = (
				D0382C552CE3392C00FD2D64 /* Base */,
				D08EFE562D1060A50013CFF3 /* ru */,
			);
			name = LaunchScreen.storyboard;
			sourceTree = "<group>";
		};
		D08EFE572D1060C80013CFF3 /* Localizable.strings */ = {
			isa = PBXVariantGroup;
			children = (
				D08EFE582D1060C80013CFF3 /* en */,
				D08EFE822D10A8480013CFF3 /* ru */,
			);
			name = Localizable.strings;
			sourceTree = "<group>";
		};
		D08EFE832D10A9E40013CFF3 /* InfoPlist.strings */ = {
			isa = PBXVariantGroup;
			children = (
				D08EFE842D10A9E40013CFF3 /* en */,
				D08EFE862D10A9F70013CFF3 /* ru */,
			);
			name = InfoPlist.strings;
			sourceTree = "<group>";
		};
/* End PBXVariantGroup section */

/* Begin XCBuildConfiguration section */
		D0382C262CE1F67700FD2D64 /* Debug */ = {
			isa = XCBuildConfiguration;
			buildSettings = {
				ASSETCATALOG_COMPILER_APPICON_NAME = AppIcon;
				ASSETCATALOG_COMPILER_GLOBAL_ACCENT_COLOR_NAME = AccentColor;
				CODE_SIGN_STYLE = Automatic;
				CURRENT_PROJECT_VERSION = 1;
				DEVELOPMENT_TEAM = B9RY2H98ND;
				GENERATE_INFOPLIST_FILE = YES;
				INFOPLIST_FILE = Weather/Info.plist;
				INFOPLIST_KEY_NSLocationAlwaysAndWhenInUseUsageDescription = "For detection geo positioning";
				INFOPLIST_KEY_NSLocationAlwaysUsageDescription = "For detection geo positioning";
				INFOPLIST_KEY_NSLocationWhenInUseUsageDescription = "For detection geo positioning";
				INFOPLIST_KEY_UIApplicationSupportsIndirectInputEvents = YES;
				INFOPLIST_KEY_UILaunchStoryboardName = LaunchScreen;
				INFOPLIST_KEY_UISupportedInterfaceOrientations_iPad = "UIInterfaceOrientationPortrait UIInterfaceOrientationPortraitUpsideDown UIInterfaceOrientationLandscapeLeft UIInterfaceOrientationLandscapeRight";
				INFOPLIST_KEY_UISupportedInterfaceOrientations_iPhone = "UIInterfaceOrientationPortrait UIInterfaceOrientationLandscapeLeft UIInterfaceOrientationLandscapeRight";
				LD_RUNPATH_SEARCH_PATHS = (
					"$(inherited)",
					"@executable_path/Frameworks",
				);
				MARKETING_VERSION = 1.0;
				PRODUCT_BUNDLE_IDENTIFIER = bilinskiy.Weather;
				PRODUCT_NAME = "$(TARGET_NAME)";
				SWIFT_EMIT_LOC_STRINGS = YES;
				SWIFT_VERSION = 5.0;
				TARGETED_DEVICE_FAMILY = "1,2";
			};
			name = Debug;
		};
		D0382C272CE1F67700FD2D64 /* Release */ = {
			isa = XCBuildConfiguration;
			buildSettings = {
				ASSETCATALOG_COMPILER_APPICON_NAME = AppIcon;
				ASSETCATALOG_COMPILER_GLOBAL_ACCENT_COLOR_NAME = AccentColor;
				CODE_SIGN_STYLE = Automatic;
				CURRENT_PROJECT_VERSION = 1;
				DEVELOPMENT_TEAM = B9RY2H98ND;
				GENERATE_INFOPLIST_FILE = YES;
				INFOPLIST_FILE = Weather/Info.plist;
				INFOPLIST_KEY_NSLocationAlwaysAndWhenInUseUsageDescription = "For detection geo positioning";
				INFOPLIST_KEY_NSLocationAlwaysUsageDescription = "For detection geo positioning";
				INFOPLIST_KEY_NSLocationWhenInUseUsageDescription = "For detection geo positioning";
				INFOPLIST_KEY_UIApplicationSupportsIndirectInputEvents = YES;
				INFOPLIST_KEY_UILaunchStoryboardName = LaunchScreen;
				INFOPLIST_KEY_UISupportedInterfaceOrientations_iPad = "UIInterfaceOrientationPortrait UIInterfaceOrientationPortraitUpsideDown UIInterfaceOrientationLandscapeLeft UIInterfaceOrientationLandscapeRight";
				INFOPLIST_KEY_UISupportedInterfaceOrientations_iPhone = "UIInterfaceOrientationPortrait UIInterfaceOrientationLandscapeLeft UIInterfaceOrientationLandscapeRight";
				LD_RUNPATH_SEARCH_PATHS = (
					"$(inherited)",
					"@executable_path/Frameworks",
				);
				MARKETING_VERSION = 1.0;
				PRODUCT_BUNDLE_IDENTIFIER = bilinskiy.Weather;
				PRODUCT_NAME = "$(TARGET_NAME)";
				SWIFT_EMIT_LOC_STRINGS = YES;
				SWIFT_VERSION = 5.0;
				TARGETED_DEVICE_FAMILY = "1,2";
			};
			name = Release;
		};
		D0382C282CE1F67700FD2D64 /* Debug */ = {
			isa = XCBuildConfiguration;
			buildSettings = {
				ALWAYS_SEARCH_USER_PATHS = NO;
				ASSETCATALOG_COMPILER_GENERATE_SWIFT_ASSET_SYMBOL_EXTENSIONS = YES;
				CLANG_ANALYZER_LOCALIZABILITY_NONLOCALIZED = YES;
				CLANG_ANALYZER_NONNULL = YES;
				CLANG_ANALYZER_NUMBER_OBJECT_CONVERSION = YES_AGGRESSIVE;
				CLANG_CXX_LANGUAGE_STANDARD = "gnu++20";
				CLANG_ENABLE_MODULES = YES;
				CLANG_ENABLE_OBJC_ARC = YES;
				CLANG_ENABLE_OBJC_WEAK = YES;
				CLANG_WARN_BLOCK_CAPTURE_AUTORELEASING = YES;
				CLANG_WARN_BOOL_CONVERSION = YES;
				CLANG_WARN_COMMA = YES;
				CLANG_WARN_CONSTANT_CONVERSION = YES;
				CLANG_WARN_DEPRECATED_OBJC_IMPLEMENTATIONS = YES;
				CLANG_WARN_DIRECT_OBJC_ISA_USAGE = YES_ERROR;
				CLANG_WARN_DOCUMENTATION_COMMENTS = YES;
				CLANG_WARN_EMPTY_BODY = YES;
				CLANG_WARN_ENUM_CONVERSION = YES;
				CLANG_WARN_INFINITE_RECURSION = YES;
				CLANG_WARN_INT_CONVERSION = YES;
				CLANG_WARN_NON_LITERAL_NULL_CONVERSION = YES;
				CLANG_WARN_OBJC_IMPLICIT_RETAIN_SELF = YES;
				CLANG_WARN_OBJC_LITERAL_CONVERSION = YES;
				CLANG_WARN_OBJC_ROOT_CLASS = YES_ERROR;
				CLANG_WARN_QUOTED_INCLUDE_IN_FRAMEWORK_HEADER = YES;
				CLANG_WARN_RANGE_LOOP_ANALYSIS = YES;
				CLANG_WARN_STRICT_PROTOTYPES = YES;
				CLANG_WARN_SUSPICIOUS_MOVE = YES;
				CLANG_WARN_UNGUARDED_AVAILABILITY = YES_AGGRESSIVE;
				CLANG_WARN_UNREACHABLE_CODE = YES;
				CLANG_WARN__DUPLICATE_METHOD_MATCH = YES;
				COPY_PHASE_STRIP = NO;
				DEBUG_INFORMATION_FORMAT = dwarf;
				ENABLE_STRICT_OBJC_MSGSEND = YES;
				ENABLE_TESTABILITY = YES;
				ENABLE_USER_SCRIPT_SANDBOXING = YES;
				GCC_C_LANGUAGE_STANDARD = gnu17;
				GCC_DYNAMIC_NO_PIC = NO;
				GCC_NO_COMMON_BLOCKS = YES;
				GCC_OPTIMIZATION_LEVEL = 0;
				GCC_PREPROCESSOR_DEFINITIONS = (
					"DEBUG=1",
					"$(inherited)",
				);
				GCC_WARN_64_TO_32_BIT_CONVERSION = YES;
				GCC_WARN_ABOUT_RETURN_TYPE = YES_ERROR;
				GCC_WARN_UNDECLARED_SELECTOR = YES;
				GCC_WARN_UNINITIALIZED_AUTOS = YES_AGGRESSIVE;
				GCC_WARN_UNUSED_FUNCTION = YES;
				GCC_WARN_UNUSED_VARIABLE = YES;
				IPHONEOS_DEPLOYMENT_TARGET = 18.1;
				LOCALIZATION_PREFERS_STRING_CATALOGS = YES;
				MTL_ENABLE_DEBUG_INFO = INCLUDE_SOURCE;
				MTL_FAST_MATH = YES;
				ONLY_ACTIVE_ARCH = YES;
				SDKROOT = iphoneos;
				SWIFT_ACTIVE_COMPILATION_CONDITIONS = "DEBUG $(inherited)";
				SWIFT_OPTIMIZATION_LEVEL = "-Onone";
			};
			name = Debug;
		};
		D0382C292CE1F67700FD2D64 /* Release */ = {
			isa = XCBuildConfiguration;
			buildSettings = {
				ALWAYS_SEARCH_USER_PATHS = NO;
				ASSETCATALOG_COMPILER_GENERATE_SWIFT_ASSET_SYMBOL_EXTENSIONS = YES;
				CLANG_ANALYZER_LOCALIZABILITY_NONLOCALIZED = YES;
				CLANG_ANALYZER_NONNULL = YES;
				CLANG_ANALYZER_NUMBER_OBJECT_CONVERSION = YES_AGGRESSIVE;
				CLANG_CXX_LANGUAGE_STANDARD = "gnu++20";
				CLANG_ENABLE_MODULES = YES;
				CLANG_ENABLE_OBJC_ARC = YES;
				CLANG_ENABLE_OBJC_WEAK = YES;
				CLANG_WARN_BLOCK_CAPTURE_AUTORELEASING = YES;
				CLANG_WARN_BOOL_CONVERSION = YES;
				CLANG_WARN_COMMA = YES;
				CLANG_WARN_CONSTANT_CONVERSION = YES;
				CLANG_WARN_DEPRECATED_OBJC_IMPLEMENTATIONS = YES;
				CLANG_WARN_DIRECT_OBJC_ISA_USAGE = YES_ERROR;
				CLANG_WARN_DOCUMENTATION_COMMENTS = YES;
				CLANG_WARN_EMPTY_BODY = YES;
				CLANG_WARN_ENUM_CONVERSION = YES;
				CLANG_WARN_INFINITE_RECURSION = YES;
				CLANG_WARN_INT_CONVERSION = YES;
				CLANG_WARN_NON_LITERAL_NULL_CONVERSION = YES;
				CLANG_WARN_OBJC_IMPLICIT_RETAIN_SELF = YES;
				CLANG_WARN_OBJC_LITERAL_CONVERSION = YES;
				CLANG_WARN_OBJC_ROOT_CLASS = YES_ERROR;
				CLANG_WARN_QUOTED_INCLUDE_IN_FRAMEWORK_HEADER = YES;
				CLANG_WARN_RANGE_LOOP_ANALYSIS = YES;
				CLANG_WARN_STRICT_PROTOTYPES = YES;
				CLANG_WARN_SUSPICIOUS_MOVE = YES;
				CLANG_WARN_UNGUARDED_AVAILABILITY = YES_AGGRESSIVE;
				CLANG_WARN_UNREACHABLE_CODE = YES;
				CLANG_WARN__DUPLICATE_METHOD_MATCH = YES;
				COPY_PHASE_STRIP = NO;
				DEBUG_INFORMATION_FORMAT = "dwarf-with-dsym";
				ENABLE_NS_ASSERTIONS = NO;
				ENABLE_STRICT_OBJC_MSGSEND = YES;
				ENABLE_USER_SCRIPT_SANDBOXING = YES;
				GCC_C_LANGUAGE_STANDARD = gnu17;
				GCC_NO_COMMON_BLOCKS = YES;
				GCC_WARN_64_TO_32_BIT_CONVERSION = YES;
				GCC_WARN_ABOUT_RETURN_TYPE = YES_ERROR;
				GCC_WARN_UNDECLARED_SELECTOR = YES;
				GCC_WARN_UNINITIALIZED_AUTOS = YES_AGGRESSIVE;
				GCC_WARN_UNUSED_FUNCTION = YES;
				GCC_WARN_UNUSED_VARIABLE = YES;
				IPHONEOS_DEPLOYMENT_TARGET = 18.1;
				LOCALIZATION_PREFERS_STRING_CATALOGS = YES;
				MTL_ENABLE_DEBUG_INFO = NO;
				MTL_FAST_MATH = YES;
				SDKROOT = iphoneos;
				SWIFT_COMPILATION_MODE = wholemodule;
				VALIDATE_PRODUCT = YES;
			};
			name = Release;
		};
/* End XCBuildConfiguration section */

/* Begin XCConfigurationList section */
		D0382C0D2CE1F67400FD2D64 /* Build configuration list for PBXProject "Weather" */ = {
			isa = XCConfigurationList;
			buildConfigurations = (
				D0382C282CE1F67700FD2D64 /* Debug */,
				D0382C292CE1F67700FD2D64 /* Release */,
			);
			defaultConfigurationIsVisible = 0;
			defaultConfigurationName = Release;
		};
		D0382C252CE1F67700FD2D64 /* Build configuration list for PBXNativeTarget "Weather" */ = {
			isa = XCConfigurationList;
			buildConfigurations = (
				D0382C262CE1F67700FD2D64 /* Debug */,
				D0382C272CE1F67700FD2D64 /* Release */,
			);
			defaultConfigurationIsVisible = 0;
			defaultConfigurationName = Release;
		};
/* End XCConfigurationList section */

/* Begin XCRemoteSwiftPackageReference section */
		D046F9DB2CF9D2A2003B8F2B /* XCRemoteSwiftPackageReference "Alamofire" */ = {
			isa = XCRemoteSwiftPackageReference;
			repositoryURL = "https://github.com/Alamofire/Alamofire.git";
			requirement = {
				kind = upToNextMajorVersion;
				minimumVersion = 5.10.2;
			};
		};
		D05CB5352CF8931A00E684E5 /* XCRemoteSwiftPackageReference "ios-maps-sdk" */ = {
			isa = XCRemoteSwiftPackageReference;
			repositoryURL = "https://github.com/googlemaps/ios-maps-sdk";
			requirement = {
				kind = upToNextMajorVersion;
				minimumVersion = 9.2.0;
			};
		};
		D05CB5382CF8932300E684E5 /* XCRemoteSwiftPackageReference "SnapKit" */ = {
			isa = XCRemoteSwiftPackageReference;
			repositoryURL = "https://github.com/SnapKit/SnapKit.git";
			requirement = {
				kind = upToNextMajorVersion;
				minimumVersion = 5.7.1;
			};
		};
/* End XCRemoteSwiftPackageReference section */

/* Begin XCSwiftPackageProductDependency section */
		D046F9DC2CF9D2A2003B8F2B /* Alamofire */ = {
			isa = XCSwiftPackageProductDependency;
			package = D046F9DB2CF9D2A2003B8F2B /* XCRemoteSwiftPackageReference "Alamofire" */;
			productName = Alamofire;
		};
		D05CB5362CF8931A00E684E5 /* GoogleMaps */ = {
			isa = XCSwiftPackageProductDependency;
			package = D05CB5352CF8931A00E684E5 /* XCRemoteSwiftPackageReference "ios-maps-sdk" */;
			productName = GoogleMaps;
		};
		D05CB5392CF8932300E684E5 /* SnapKit */ = {
			isa = XCSwiftPackageProductDependency;
			package = D05CB5382CF8932300E684E5 /* XCRemoteSwiftPackageReference "SnapKit" */;
			productName = SnapKit;
		};
/* End XCSwiftPackageProductDependency section */
	};
	rootObject = D0382C0A2CE1F67400FD2D64 /* Project object */;
}
