// !$*UTF8*$!
{
	archiveVersion = 1;
	classes = {
	};
	objectVersion = 77;
	objects = {

/* Begin PBXBuildFile section */
		D0382C5C2CE3392C00FD2D64 /* AppDelegate.swift in Sources */ = {isa = PBXBuildFile; fileRef = D0382C522CE3392C00FD2D64 /* AppDelegate.swift */; };
		D0382C5D2CE3392C00FD2D64 /* NetworkManager.swift in Sources */ = {isa = PBXBuildFile; fileRef = D0382C572CE3392C00FD2D64 /* NetworkManager.swift */; };
		D0382C5E2CE3392C00FD2D64 /* SceneDelegate.swift in Sources */ = {isa = PBXBuildFile; fileRef = D0382C582CE3392C00FD2D64 /* SceneDelegate.swift */; };
		D0382C602CE3392C00FD2D64 /* WeatherModel.swift in Sources */ = {isa = PBXBuildFile; fileRef = D0382C5A2CE3392C00FD2D64 /* WeatherModel.swift */; };
		D0382C612CE3392C00FD2D64 /* Assets.xcassets in Resources */ = {isa = PBXBuildFile; fileRef = D0382C532CE3392C00FD2D64 /* Assets.xcassets */; };
		D0382C632CE3392C00FD2D64 /* LaunchScreen.storyboard in Resources */ = {isa = PBXBuildFile; fileRef = D0382C562CE3392C00FD2D64 /* LaunchScreen.storyboard */; };
		D0382C662CE35BBA00FD2D64 /* SnapKit in Frameworks */ = {isa = PBXBuildFile; productRef = D0382C652CE35BBA00FD2D64 /* SnapKit */; };
		D0382CAC2CEC789600FD2D64 /* GoogleMaps in Frameworks */ = {isa = PBXBuildFile; productRef = D0382CAB2CEC789600FD2D64 /* GoogleMaps */; };
		D0382CC02CEC967600FD2D64 /* UIView+Extension.swift in Sources */ = {isa = PBXBuildFile; fileRef = D0382CBF2CEC967600FD2D64 /* UIView+Extension.swift */; };
		D0382CC62CEC99CA00FD2D64 /* MapViewController.swift in Sources */ = {isa = PBXBuildFile; fileRef = D0382CC22CEC99CA00FD2D64 /* MapViewController.swift */; };
		D0382CC72CEC99CA00FD2D64 /* MyTabBarController.swift in Sources */ = {isa = PBXBuildFile; fileRef = D0382CC32CEC99CA00FD2D64 /* MyTabBarController.swift */; };
		D0382CC82CEC99CA00FD2D64 /* HomeViewController.swift in Sources */ = {isa = PBXBuildFile; fileRef = D0382CC42CEC99CA00FD2D64 /* HomeViewController.swift */; };
/* End PBXBuildFile section */

/* Begin PBXFileReference section */
		D0382C122CE1F67400FD2D64 /* Weather.app */ = {isa = PBXFileReference; explicitFileType = wrapper.application; includeInIndex = 0; path = Weather.app; sourceTree = BUILT_PRODUCTS_DIR; };
		D0382C522CE3392C00FD2D64 /* AppDelegate.swift */ = {isa = PBXFileReference; lastKnownFileType = sourcecode.swift; path = AppDelegate.swift; sourceTree = "<group>"; };
		D0382C532CE3392C00FD2D64 /* Assets.xcassets */ = {isa = PBXFileReference; lastKnownFileType = folder.assetcatalog; path = Assets.xcassets; sourceTree = "<group>"; };
		D0382C542CE3392C00FD2D64 /* Info.plist */ = {isa = PBXFileReference; lastKnownFileType = text.plist.xml; path = Info.plist; sourceTree = "<group>"; };
		D0382C552CE3392C00FD2D64 /* Base */ = {isa = PBXFileReference; lastKnownFileType = file.storyboard; name = Base; path = Base.lproj/LaunchScreen.storyboard; sourceTree = "<group>"; };
		D0382C572CE3392C00FD2D64 /* NetworkManager.swift */ = {isa = PBXFileReference; lastKnownFileType = sourcecode.swift; path = NetworkManager.swift; sourceTree = "<group>"; };
		D0382C582CE3392C00FD2D64 /* SceneDelegate.swift */ = {isa = PBXFileReference; lastKnownFileType = sourcecode.swift; path = SceneDelegate.swift; sourceTree = "<group>"; };
		D0382C5A2CE3392C00FD2D64 /* WeatherModel.swift */ = {isa = PBXFileReference; lastKnownFileType = sourcecode.swift; path = WeatherModel.swift; sourceTree = "<group>"; };
		D0382CBF2CEC967600FD2D64 /* UIView+Extension.swift */ = {isa = PBXFileReference; lastKnownFileType = sourcecode.swift; path = "UIView+Extension.swift"; sourceTree = "<group>"; };
		D0382CC22CEC99CA00FD2D64 /* MapViewController.swift */ = {isa = PBXFileReference; lastKnownFileType = sourcecode.swift; path = MapViewController.swift; sourceTree = "<group>"; };
		D0382CC32CEC99CA00FD2D64 /* MyTabBarController.swift */ = {isa = PBXFileReference; lastKnownFileType = sourcecode.swift; path = MyTabBarController.swift; sourceTree = "<group>"; };
		D0382CC42CEC99CA00FD2D64 /* HomeViewController.swift */ = {isa = PBXFileReference; lastKnownFileType = sourcecode.swift; path = HomeViewController.swift; sourceTree = "<group>"; };
/* End PBXFileReference section */

/* Begin PBXFrameworksBuildPhase section */
		D0382C0F2CE1F67400FD2D64 /* Frameworks */ = {
			isa = PBXFrameworksBuildPhase;
			buildActionMask = 2147483647;
			files = (
				D0382CAC2CEC789600FD2D64 /* GoogleMaps in Frameworks */,
				D0382C662CE35BBA00FD2D64 /* SnapKit in Frameworks */,
			);
			runOnlyForDeploymentPostprocessing = 0;
		};
/* End PBXFrameworksBuildPhase section */

/* Begin PBXGroup section */
		D0382C092CE1F67400FD2D64 = {
			isa = PBXGroup;
			children = (
				D0382C5B2CE3392C00FD2D64 /* Weather */,
				D0382C132CE1F67400FD2D64 /* Products */,
			);
			sourceTree = "<group>";
		};
		D0382C132CE1F67400FD2D64 /* Products */ = {
			isa = PBXGroup;
			children = (
				D0382C122CE1F67400FD2D64 /* Weather.app */,
			);
			name = Products;
			sourceTree = "<group>";
		};
		D0382C5B2CE3392C00FD2D64 /* Weather */ = {
			isa = PBXGroup;
			children = (
				D0382C542CE3392C00FD2D64 /* Info.plist */,
				D0382CCA2CEC9A2600FD2D64 /* Resourses */,
				D0382CC92CEC9A0400FD2D64 /* Extension */,
				D0382CCC2CEC9A4A00FD2D64 /* Managers */,
				D0382CCB2CEC9A3C00FD2D64 /* Model */,
				D0382CC52CEC99CA00FD2D64 /* ViewControllers */,
			);
			path = Weather;
			sourceTree = "<group>";
		};
		D0382CC52CEC99CA00FD2D64 /* ViewControllers */ = {
			isa = PBXGroup;
			children = (
				D0382CC32CEC99CA00FD2D64 /* MyTabBarController.swift */,
				D0382CC42CEC99CA00FD2D64 /* HomeViewController.swift */,
				D0382CC22CEC99CA00FD2D64 /* MapViewController.swift */,
			);
			path = ViewControllers;
			sourceTree = "<group>";
		};
		D0382CC92CEC9A0400FD2D64 /* Extension */ = {
			isa = PBXGroup;
			children = (
				D0382CBF2CEC967600FD2D64 /* UIView+Extension.swift */,
			);
			path = Extension;
			sourceTree = "<group>";
		};
		D0382CCA2CEC9A2600FD2D64 /* Resourses */ = {
			isa = PBXGroup;
			children = (
				D0382C522CE3392C00FD2D64 /* AppDelegate.swift */,
				D0382C582CE3392C00FD2D64 /* SceneDelegate.swift */,
				D0382C532CE3392C00FD2D64 /* Assets.xcassets */,
				D0382C562CE3392C00FD2D64 /* LaunchScreen.storyboard */,
			);
			path = Resourses;
			sourceTree = "<group>";
		};
		D0382CCB2CEC9A3C00FD2D64 /* Model */ = {
			isa = PBXGroup;
			children = (
				D0382C5A2CE3392C00FD2D64 /* WeatherModel.swift */,
			);
			path = Model;
			sourceTree = "<group>";
		};
		D0382CCC2CEC9A4A00FD2D64 /* Managers */ = {
			isa = PBXGroup;
			children = (
				D0382C572CE3392C00FD2D64 /* NetworkManager.swift */,
			);
			path = Managers;
			sourceTree = "<group>";
		};
/* End PBXGroup section */

/* Begin PBXNativeTarget section */
		D0382C112CE1F67400FD2D64 /* Weather */ = {
			isa = PBXNativeTarget;
			buildConfigurationList = D0382C252CE1F67700FD2D64 /* Build configuration list for PBXNativeTarget "Weather" */;
			buildPhases = (
				D0382C0E2CE1F67400FD2D64 /* Sources */,
				D0382C0F2CE1F67400FD2D64 /* Frameworks */,
				D0382C102CE1F67400FD2D64 /* Resources */,
			);
			buildRules = (
			);
			dependencies = (
			);
			name = Weather;
			packageProductDependencies = (
				D0382C652CE35BBA00FD2D64 /* SnapKit */,
				D0382CAB2CEC789600FD2D64 /* GoogleMaps */,
			);
			productName = Weather;
			productReference = D0382C122CE1F67400FD2D64 /* Weather.app */;
			productType = "com.apple.product-type.application";
		};
/* End PBXNativeTarget section */

/* Begin PBXProject section */
		D0382C0A2CE1F67400FD2D64 /* Project object */ = {
			isa = PBXProject;
			attributes = {
				BuildIndependentTargetsInParallel = 1;
				LastSwiftUpdateCheck = 1610;
				LastUpgradeCheck = 1610;
				TargetAttributes = {
					D0382C112CE1F67400FD2D64 = {
						CreatedOnToolsVersion = 16.1;
					};
				};
			};
			buildConfigurationList = D0382C0D2CE1F67400FD2D64 /* Build configuration list for PBXProject "Weather" */;
			developmentRegion = en;
			hasScannedForEncodings = 0;
			knownRegions = (
				en,
				Base,
			);
			mainGroup = D0382C092CE1F67400FD2D64;
			minimizedProjectReferenceProxies = 1;
			packageReferences = (
				D0382C642CE35BBA00FD2D64 /* XCRemoteSwiftPackageReference "SnapKit" */,
				D0382CAA2CEC789600FD2D64 /* XCRemoteSwiftPackageReference "ios-maps-sdk" */,
			);
			preferredProjectObjectVersion = 77;
			productRefGroup = D0382C132CE1F67400FD2D64 /* Products */;
			projectDirPath = "";
			projectRoot = "";
			targets = (
				D0382C112CE1F67400FD2D64 /* Weather */,
			);
		};
/* End PBXProject section */

/* Begin PBXResourcesBuildPhase section */
		D0382C102CE1F67400FD2D64 /* Resources */ = {
			isa = PBXResourcesBuildPhase;
			buildActionMask = 2147483647;
			files = (
				D0382C612CE3392C00FD2D64 /* Assets.xcassets in Resources */,
				D0382C632CE3392C00FD2D64 /* LaunchScreen.storyboard in Resources */,
			);
			runOnlyForDeploymentPostprocessing = 0;
		};
/* End PBXResourcesBuildPhase section */

/* Begin PBXSourcesBuildPhase section */
		D0382C0E2CE1F67400FD2D64 /* Sources */ = {
			isa = PBXSourcesBuildPhase;
			buildActionMask = 2147483647;
			files = (
				D0382CC62CEC99CA00FD2D64 /* MapViewController.swift in Sources */,
				D0382CC72CEC99CA00FD2D64 /* MyTabBarController.swift in Sources */,
				D0382CC82CEC99CA00FD2D64 /* HomeViewController.swift in Sources */,
				D0382C5C2CE3392C00FD2D64 /* AppDelegate.swift in Sources */,
				D0382CC02CEC967600FD2D64 /* UIView+Extension.swift in Sources */,
				D0382C5D2CE3392C00FD2D64 /* NetworkManager.swift in Sources */,
				D0382C5E2CE3392C00FD2D64 /* SceneDelegate.swift in Sources */,
				D0382C602CE3392C00FD2D64 /* WeatherModel.swift in Sources */,
			);
			runOnlyForDeploymentPostprocessing = 0;
		};
/* End PBXSourcesBuildPhase section */

/* Begin PBXVariantGroup section */
		D0382C562CE3392C00FD2D64 /* LaunchScreen.storyboard */ = {
			isa = PBXVariantGroup;
			children = (
				D0382C552CE3392C00FD2D64 /* Base */,
			);
			name = LaunchScreen.storyboard;
			sourceTree = "<group>";
		};
/* End PBXVariantGroup section */

/* Begin XCBuildConfiguration section */
		D0382C262CE1F67700FD2D64 /* Debug */ = {
			isa = XCBuildConfiguration;
			buildSettings = {
				ASSETCATALOG_COMPILER_APPICON_NAME = AppIcon;
				ASSETCATALOG_COMPILER_GLOBAL_ACCENT_COLOR_NAME = AccentColor;
				CODE_SIGN_STYLE = Automatic;
				CURRENT_PROJECT_VERSION = 1;
				GENERATE_INFOPLIST_FILE = YES;
				INFOPLIST_FILE = Weather/Info.plist;
				INFOPLIST_KEY_UIApplicationSupportsIndirectInputEvents = YES;
				INFOPLIST_KEY_UILaunchStoryboardName = LaunchScreen;
				INFOPLIST_KEY_UISupportedInterfaceOrientations_iPad = "UIInterfaceOrientationPortrait UIInterfaceOrientationPortraitUpsideDown UIInterfaceOrientationLandscapeLeft UIInterfaceOrientationLandscapeRight";
				INFOPLIST_KEY_UISupportedInterfaceOrientations_iPhone = "UIInterfaceOrientationPortrait UIInterfaceOrientationLandscapeLeft UIInterfaceOrientationLandscapeRight";
				LD_RUNPATH_SEARCH_PATHS = (
					"$(inherited)",
					"@executable_path/Frameworks",
				);
				MARKETING_VERSION = 1.0;
				PRODUCT_BUNDLE_IDENTIFIER = bilinskiy.Weather;
				PRODUCT_NAME = "$(TARGET_NAME)";
				SWIFT_EMIT_LOC_STRINGS = YES;
				SWIFT_VERSION = 5.0;
				TARGETED_DEVICE_FAMILY = "1,2";
			};
			name = Debug;
		};
		D0382C272CE1F67700FD2D64 /* Release */ = {
			isa = XCBuildConfiguration;
			buildSettings = {
				ASSETCATALOG_COMPILER_APPICON_NAME = AppIcon;
				ASSETCATALOG_COMPILER_GLOBAL_ACCENT_COLOR_NAME = AccentColor;
				CODE_SIGN_STYLE = Automatic;
				CURRENT_PROJECT_VERSION = 1;
				GENERATE_INFOPLIST_FILE = YES;
				INFOPLIST_FILE = Weather/Info.plist;
				INFOPLIST_KEY_UIApplicationSupportsIndirectInputEvents = YES;
				INFOPLIST_KEY_UILaunchStoryboardName = LaunchScreen;
				INFOPLIST_KEY_UISupportedInterfaceOrientations_iPad = "UIInterfaceOrientationPortrait UIInterfaceOrientationPortraitUpsideDown UIInterfaceOrientationLandscapeLeft UIInterfaceOrientationLandscapeRight";
				INFOPLIST_KEY_UISupportedInterfaceOrientations_iPhone = "UIInterfaceOrientationPortrait UIInterfaceOrientationLandscapeLeft UIInterfaceOrientationLandscapeRight";
				LD_RUNPATH_SEARCH_PATHS = (
					"$(inherited)",
					"@executable_path/Frameworks",
				);
				MARKETING_VERSION = 1.0;
				PRODUCT_BUNDLE_IDENTIFIER = bilinskiy.Weather;
				PRODUCT_NAME = "$(TARGET_NAME)";
				SWIFT_EMIT_LOC_STRINGS = YES;
				SWIFT_VERSION = 5.0;
				TARGETED_DEVICE_FAMILY = "1,2";
			};
			name = Release;
		};
		D0382C282CE1F67700FD2D64 /* Debug */ = {
			isa = XCBuildConfiguration;
			buildSettings = {
				ALWAYS_SEARCH_USER_PATHS = NO;
				ASSETCATALOG_COMPILER_GENERATE_SWIFT_ASSET_SYMBOL_EXTENSIONS = YES;
				CLANG_ANALYZER_NONNULL = YES;
				CLANG_ANALYZER_NUMBER_OBJECT_CONVERSION = YES_AGGRESSIVE;
				CLANG_CXX_LANGUAGE_STANDARD = "gnu++20";
				CLANG_ENABLE_MODULES = YES;
				CLANG_ENABLE_OBJC_ARC = YES;
				CLANG_ENABLE_OBJC_WEAK = YES;
				CLANG_WARN_BLOCK_CAPTURE_AUTORELEASING = YES;
				CLANG_WARN_BOOL_CONVERSION = YES;
				CLANG_WARN_COMMA = YES;
				CLANG_WARN_CONSTANT_CONVERSION = YES;
				CLANG_WARN_DEPRECATED_OBJC_IMPLEMENTATIONS = YES;
				CLANG_WARN_DIRECT_OBJC_ISA_USAGE = YES_ERROR;
				CLANG_WARN_DOCUMENTATION_COMMENTS = YES;
				CLANG_WARN_EMPTY_BODY = YES;
				CLANG_WARN_ENUM_CONVERSION = YES;
				CLANG_WARN_INFINITE_RECURSION = YES;
				CLANG_WARN_INT_CONVERSION = YES;
				CLANG_WARN_NON_LITERAL_NULL_CONVERSION = YES;
				CLANG_WARN_OBJC_IMPLICIT_RETAIN_SELF = YES;
				CLANG_WARN_OBJC_LITERAL_CONVERSION = YES;
				CLANG_WARN_OBJC_ROOT_CLASS = YES_ERROR;
				CLANG_WARN_QUOTED_INCLUDE_IN_FRAMEWORK_HEADER = YES;
				CLANG_WARN_RANGE_LOOP_ANALYSIS = YES;
				CLANG_WARN_STRICT_PROTOTYPES = YES;
				CLANG_WARN_SUSPICIOUS_MOVE = YES;
				CLANG_WARN_UNGUARDED_AVAILABILITY = YES_AGGRESSIVE;
				CLANG_WARN_UNREACHABLE_CODE = YES;
				CLANG_WARN__DUPLICATE_METHOD_MATCH = YES;
				COPY_PHASE_STRIP = NO;
				DEBUG_INFORMATION_FORMAT = dwarf;
				ENABLE_STRICT_OBJC_MSGSEND = YES;
				ENABLE_TESTABILITY = YES;
				ENABLE_USER_SCRIPT_SANDBOXING = YES;
				GCC_C_LANGUAGE_STANDARD = gnu17;
				GCC_DYNAMIC_NO_PIC = NO;
				GCC_NO_COMMON_BLOCKS = YES;
				GCC_OPTIMIZATION_LEVEL = 0;
				GCC_PREPROCESSOR_DEFINITIONS = (
					"DEBUG=1",
					"$(inherited)",
				);
				GCC_WARN_64_TO_32_BIT_CONVERSION = YES;
				GCC_WARN_ABOUT_RETURN_TYPE = YES_ERROR;
				GCC_WARN_UNDECLARED_SELECTOR = YES;
				GCC_WARN_UNINITIALIZED_AUTOS = YES_AGGRESSIVE;
				GCC_WARN_UNUSED_FUNCTION = YES;
				GCC_WARN_UNUSED_VARIABLE = YES;
				IPHONEOS_DEPLOYMENT_TARGET = 18.1;
				LOCALIZATION_PREFERS_STRING_CATALOGS = YES;
				MTL_ENABLE_DEBUG_INFO = INCLUDE_SOURCE;
				MTL_FAST_MATH = YES;
				ONLY_ACTIVE_ARCH = YES;
				SDKROOT = iphoneos;
				SWIFT_ACTIVE_COMPILATION_CONDITIONS = "DEBUG $(inherited)";
				SWIFT_OPTIMIZATION_LEVEL = "-Onone";
			};
			name = Debug;
		};
		D0382C292CE1F67700FD2D64 /* Release */ = {
			isa = XCBuildConfiguration;
			buildSettings = {
				ALWAYS_SEARCH_USER_PATHS = NO;
				ASSETCATALOG_COMPILER_GENERATE_SWIFT_ASSET_SYMBOL_EXTENSIONS = YES;
				CLANG_ANALYZER_NONNULL = YES;
				CLANG_ANALYZER_NUMBER_OBJECT_CONVERSION = YES_AGGRESSIVE;
				CLANG_CXX_LANGUAGE_STANDARD = "gnu++20";
				CLANG_ENABLE_MODULES = YES;
				CLANG_ENABLE_OBJC_ARC = YES;
				CLANG_ENABLE_OBJC_WEAK = YES;
				CLANG_WARN_BLOCK_CAPTURE_AUTORELEASING = YES;
				CLANG_WARN_BOOL_CONVERSION = YES;
				CLANG_WARN_COMMA = YES;
				CLANG_WARN_CONSTANT_CONVERSION = YES;
				CLANG_WARN_DEPRECATED_OBJC_IMPLEMENTATIONS = YES;
				CLANG_WARN_DIRECT_OBJC_ISA_USAGE = YES_ERROR;
				CLANG_WARN_DOCUMENTATION_COMMENTS = YES;
				CLANG_WARN_EMPTY_BODY = YES;
				CLANG_WARN_ENUM_CONVERSION = YES;
				CLANG_WARN_INFINITE_RECURSION = YES;
				CLANG_WARN_INT_CONVERSION = YES;
				CLANG_WARN_NON_LITERAL_NULL_CONVERSION = YES;
				CLANG_WARN_OBJC_IMPLICIT_RETAIN_SELF = YES;
				CLANG_WARN_OBJC_LITERAL_CONVERSION = YES;
				CLANG_WARN_OBJC_ROOT_CLASS = YES_ERROR;
				CLANG_WARN_QUOTED_INCLUDE_IN_FRAMEWORK_HEADER = YES;
				CLANG_WARN_RANGE_LOOP_ANALYSIS = YES;
				CLANG_WARN_STRICT_PROTOTYPES = YES;
				CLANG_WARN_SUSPICIOUS_MOVE = YES;
				CLANG_WARN_UNGUARDED_AVAILABILITY = YES_AGGRESSIVE;
				CLANG_WARN_UNREACHABLE_CODE = YES;
				CLANG_WARN__DUPLICATE_METHOD_MATCH = YES;
				COPY_PHASE_STRIP = NO;
				DEBUG_INFORMATION_FORMAT = "dwarf-with-dsym";
				ENABLE_NS_ASSERTIONS = NO;
				ENABLE_STRICT_OBJC_MSGSEND = YES;
				ENABLE_USER_SCRIPT_SANDBOXING = YES;
				GCC_C_LANGUAGE_STANDARD = gnu17;
				GCC_NO_COMMON_BLOCKS = YES;
				GCC_WARN_64_TO_32_BIT_CONVERSION = YES;
				GCC_WARN_ABOUT_RETURN_TYPE = YES_ERROR;
				GCC_WARN_UNDECLARED_SELECTOR = YES;
				GCC_WARN_UNINITIALIZED_AUTOS = YES_AGGRESSIVE;
				GCC_WARN_UNUSED_FUNCTION = YES;
				GCC_WARN_UNUSED_VARIABLE = YES;
				IPHONEOS_DEPLOYMENT_TARGET = 18.1;
				LOCALIZATION_PREFERS_STRING_CATALOGS = YES;
				MTL_ENABLE_DEBUG_INFO = NO;
				MTL_FAST_MATH = YES;
				SDKROOT = iphoneos;
				SWIFT_COMPILATION_MODE = wholemodule;
				VALIDATE_PRODUCT = YES;
			};
			name = Release;
		};
/* End XCBuildConfiguration section */

/* Begin XCConfigurationList section */
		D0382C0D2CE1F67400FD2D64 /* Build configuration list for PBXProject "Weather" */ = {
			isa = XCConfigurationList;
			buildConfigurations = (
				D0382C282CE1F67700FD2D64 /* Debug */,
				D0382C292CE1F67700FD2D64 /* Release */,
			);
			defaultConfigurationIsVisible = 0;
			defaultConfigurationName = Release;
		};
		D0382C252CE1F67700FD2D64 /* Build configuration list for PBXNativeTarget "Weather" */ = {
			isa = XCConfigurationList;
			buildConfigurations = (
				D0382C262CE1F67700FD2D64 /* Debug */,
				D0382C272CE1F67700FD2D64 /* Release */,
			);
			defaultConfigurationIsVisible = 0;
			defaultConfigurationName = Release;
		};
/* End XCConfigurationList section */

/* Begin XCRemoteSwiftPackageReference section */
		D0382C642CE35BBA00FD2D64 /* XCRemoteSwiftPackageReference "SnapKit" */ = {
			isa = XCRemoteSwiftPackageReference;
			repositoryURL = "https://github.com/SnapKit/SnapKit.git";
			requirement = {
				kind = upToNextMajorVersion;
				minimumVersion = 5.7.1;
			};
		};
		D0382CAA2CEC789600FD2D64 /* XCRemoteSwiftPackageReference "ios-maps-sdk" */ = {
			isa = XCRemoteSwiftPackageReference;
			repositoryURL = "https://github.com/googlemaps/ios-maps-sdk";
			requirement = {
				kind = upToNextMajorVersion;
				minimumVersion = 9.2.0;
			};
		};
/* End XCRemoteSwiftPackageReference section */

/* Begin XCSwiftPackageProductDependency section */
		D0382C652CE35BBA00FD2D64 /* SnapKit */ = {
			isa = XCSwiftPackageProductDependency;
			package = D0382C642CE35BBA00FD2D64 /* XCRemoteSwiftPackageReference "SnapKit" */;
			productName = SnapKit;
		};
		D0382CAB2CEC789600FD2D64 /* GoogleMaps */ = {
			isa = XCSwiftPackageProductDependency;
			package = D0382CAA2CEC789600FD2D64 /* XCRemoteSwiftPackageReference "ios-maps-sdk" */;
			productName = GoogleMaps;
		};
/* End XCSwiftPackageProductDependency section */
	};
	rootObject = D0382C0A2CE1F67400FD2D64 /* Project object */;
}
